
Microsoft Visual Studio Solution File, Format Version 12.00
# Visual Studio Version 16
VisualStudioVersion = 16.0.809.5
MinimumVisualStudioVersion = 10.0.40219.1
Project("{FAE04EC0-301F-11D3-BF4B-00C04F79EFBC}") = "QuizManager", "QuizManager.csproj", "{DD58FF04-0BA1-4C74-B26E-644DC4DC5E04}"
EndProject
Global
	GlobalSection(SolutionConfigurationPlatforms) = preSolution
		Debug|Any CPU = Debug|Any CPU
		Release|Any CPU = Release|Any CPU
	EndGlobalSection
	GlobalSection(ProjectConfigurationPlatforms) = postSolution
		{DD58FF04-0BA1-4C74-B26E-644DC4DC5E04}.Debug|Any CPU.ActiveCfg = Debug|Any CPU
		{DD58FF04-0BA1-4C74-B26E-644DC4DC5E04}.Debug|Any CPU.Build.0 = Debug|Any CPU
		{DD58FF04-0BA1-4C74-B26E-644DC4DC5E04}.Release|Any CPU.ActiveCfg = Release|Any CPU
		{DD58FF04-0BA1-4C74-B26E-644DC4DC5E04}.Release|Any CPU.Build.0 = Release|Any CPU
	EndGlobalSection
	GlobalSection(SolutionProperties) = preSolution
		HideSolutionNode = FALSE
	EndGlobalSection
	GlobalSection(ExtensibilityGlobals) = postSolution
		SolutionGuid = {35E9368A-EFE9-4D93-B979-094AC55ED819}
	EndGlobalSection
EndGlobal
